// !$*UTF8*$!
{
	archiveVersion = 1;
	classes = {
	};
	objectVersion = 56;
	objects = {

/* Begin PBXBuildFile section */
		F35AFD7B2BC85F2100C4EF7F /* SettingsCoordinator.swift in Sources */ = {isa = PBXBuildFile; fileRef = F35AFD7A2BC85F2100C4EF7F /* SettingsCoordinator.swift */; };
		F35AFD7D2BC85F4F00C4EF7F /* SettingsScreenType.swift in Sources */ = {isa = PBXBuildFile; fileRef = F35AFD7C2BC85F4F00C4EF7F /* SettingsScreenType.swift */; };
		F35AFD7F2BC85F6800C4EF7F /* RecentsCoordinator.swift in Sources */ = {isa = PBXBuildFile; fileRef = F35AFD7E2BC85F6800C4EF7F /* RecentsCoordinator.swift */; };
		F35AFD812BC85FB700C4EF7F /* RecentsScreenType.swift in Sources */ = {isa = PBXBuildFile; fileRef = F35AFD802BC85FB700C4EF7F /* RecentsScreenType.swift */; };
		F35AFD8F2BC8608E00C4EF7F /* SettingsView.swift in Sources */ = {isa = PBXBuildFile; fileRef = F35AFD8E2BC8608E00C4EF7F /* SettingsView.swift */; };
		F35AFD922BC8623B00C4EF7F /* AuthenticationView.swift in Sources */ = {isa = PBXBuildFile; fileRef = F35AFD912BC8623B00C4EF7F /* AuthenticationView.swift */; };
		F35AFD962BC863ED00C4EF7F /* ChangeCurrencyView.swift in Sources */ = {isa = PBXBuildFile; fileRef = F35AFD952BC863ED00C4EF7F /* ChangeCurrencyView.swift */; };
		F35AFD982BC8645600C4EF7F /* RecentsView.swift in Sources */ = {isa = PBXBuildFile; fileRef = F35AFD972BC8645600C4EF7F /* RecentsView.swift */; };
		F35AFD9D2BC8696600C4EF7F /* SettingsChildView.swift in Sources */ = {isa = PBXBuildFile; fileRef = F35AFD9C2BC8696600C4EF7F /* SettingsChildView.swift */; };
		F35AFD9F2BC8697900C4EF7F /* ChangeCurrencyChildView.swift in Sources */ = {isa = PBXBuildFile; fileRef = F35AFD9E2BC8697900C4EF7F /* ChangeCurrencyChildView.swift */; };
		F35AFDA12BC8698300C4EF7F /* RecentsChildView.swift in Sources */ = {isa = PBXBuildFile; fileRef = F35AFDA02BC8698300C4EF7F /* RecentsChildView.swift */; };
		F38A59552BC3074A00D698D9 /* CurrencyConverterApp.swift in Sources */ = {isa = PBXBuildFile; fileRef = F38A59542BC3074A00D698D9 /* CurrencyConverterApp.swift */; };
		F38A59592BC3074B00D698D9 /* Assets.xcassets in Resources */ = {isa = PBXBuildFile; fileRef = F38A59582BC3074B00D698D9 /* Assets.xcassets */; };
		F38A595C2BC3074B00D698D9 /* Preview Assets.xcassets in Resources */ = {isa = PBXBuildFile; fileRef = F38A595B2BC3074B00D698D9 /* Preview Assets.xcassets */; };
		F38A596C2BC307B500D698D9 /* AppRoots.swift in Sources */ = {isa = PBXBuildFile; fileRef = F38A59642BC307B500D698D9 /* AppRoots.swift */; };
		F38A596D2BC307B500D698D9 /* AppRootCoordinator.swift in Sources */ = {isa = PBXBuildFile; fileRef = F38A59652BC307B500D698D9 /* AppRootCoordinator.swift */; };
		F38A596E2BC307B500D698D9 /* AuthorizationScreenType.swift in Sources */ = {isa = PBXBuildFile; fileRef = F38A59672BC307B500D698D9 /* AuthorizationScreenType.swift */; };
		F38A596F2BC307B500D698D9 /* AuthorizationCoordinator.swift in Sources */ = {isa = PBXBuildFile; fileRef = F38A59682BC307B500D698D9 /* AuthorizationCoordinator.swift */; };
		F38A59702BC307B500D698D9 /* MainCoordinator.swift in Sources */ = {isa = PBXBuildFile; fileRef = F38A596A2BC307B500D698D9 /* MainCoordinator.swift */; };
		F38A59712BC307B500D698D9 /* MainScreenType.swift in Sources */ = {isa = PBXBuildFile; fileRef = F38A596B2BC307B500D698D9 /* MainScreenType.swift */; };
/* End PBXBuildFile section */

/* Begin PBXFileReference section */
		F35AFD7A2BC85F2100C4EF7F /* SettingsCoordinator.swift */ = {isa = PBXFileReference; lastKnownFileType = sourcecode.swift; path = SettingsCoordinator.swift; sourceTree = "<group>"; };
		F35AFD7C2BC85F4F00C4EF7F /* SettingsScreenType.swift */ = {isa = PBXFileReference; lastKnownFileType = sourcecode.swift; path = SettingsScreenType.swift; sourceTree = "<group>"; };
		F35AFD7E2BC85F6800C4EF7F /* RecentsCoordinator.swift */ = {isa = PBXFileReference; lastKnownFileType = sourcecode.swift; path = RecentsCoordinator.swift; sourceTree = "<group>"; };
		F35AFD802BC85FB700C4EF7F /* RecentsScreenType.swift */ = {isa = PBXFileReference; lastKnownFileType = sourcecode.swift; path = RecentsScreenType.swift; sourceTree = "<group>"; };
		F35AFD8E2BC8608E00C4EF7F /* SettingsView.swift */ = {isa = PBXFileReference; lastKnownFileType = sourcecode.swift; path = SettingsView.swift; sourceTree = "<group>"; };
		F35AFD912BC8623B00C4EF7F /* AuthenticationView.swift */ = {isa = PBXFileReference; lastKnownFileType = sourcecode.swift; path = AuthenticationView.swift; sourceTree = "<group>"; };
		F35AFD952BC863ED00C4EF7F /* ChangeCurrencyView.swift */ = {isa = PBXFileReference; lastKnownFileType = sourcecode.swift; path = ChangeCurrencyView.swift; sourceTree = "<group>"; };
		F35AFD972BC8645600C4EF7F /* RecentsView.swift */ = {isa = PBXFileReference; lastKnownFileType = sourcecode.swift; path = RecentsView.swift; sourceTree = "<group>"; };
		F35AFD9C2BC8696600C4EF7F /* SettingsChildView.swift */ = {isa = PBXFileReference; lastKnownFileType = sourcecode.swift; path = SettingsChildView.swift; sourceTree = "<group>"; };
		F35AFD9E2BC8697900C4EF7F /* ChangeCurrencyChildView.swift */ = {isa = PBXFileReference; lastKnownFileType = sourcecode.swift; path = ChangeCurrencyChildView.swift; sourceTree = "<group>"; };
		F35AFDA02BC8698300C4EF7F /* RecentsChildView.swift */ = {isa = PBXFileReference; lastKnownFileType = sourcecode.swift; path = RecentsChildView.swift; sourceTree = "<group>"; };
		F38A59512BC3074A00D698D9 /* CurrencyConverter.app */ = {isa = PBXFileReference; explicitFileType = wrapper.application; includeInIndex = 0; path = CurrencyConverter.app; sourceTree = BUILT_PRODUCTS_DIR; };
		F38A59542BC3074A00D698D9 /* CurrencyConverterApp.swift */ = {isa = PBXFileReference; lastKnownFileType = sourcecode.swift; path = CurrencyConverterApp.swift; sourceTree = "<group>"; };
		F38A59582BC3074B00D698D9 /* Assets.xcassets */ = {isa = PBXFileReference; lastKnownFileType = folder.assetcatalog; path = Assets.xcassets; sourceTree = "<group>"; };
		F38A595B2BC3074B00D698D9 /* Preview Assets.xcassets */ = {isa = PBXFileReference; lastKnownFileType = folder.assetcatalog; path = "Preview Assets.xcassets"; sourceTree = "<group>"; };
		F38A59642BC307B500D698D9 /* AppRoots.swift */ = {isa = PBXFileReference; fileEncoding = 4; lastKnownFileType = sourcecode.swift; path = AppRoots.swift; sourceTree = "<group>"; };
		F38A59652BC307B500D698D9 /* AppRootCoordinator.swift */ = {isa = PBXFileReference; fileEncoding = 4; lastKnownFileType = sourcecode.swift; path = AppRootCoordinator.swift; sourceTree = "<group>"; };
		F38A59672BC307B500D698D9 /* AuthorizationScreenType.swift */ = {isa = PBXFileReference; fileEncoding = 4; lastKnownFileType = sourcecode.swift; path = AuthorizationScreenType.swift; sourceTree = "<group>"; };
		F38A59682BC307B500D698D9 /* AuthorizationCoordinator.swift */ = {isa = PBXFileReference; fileEncoding = 4; lastKnownFileType = sourcecode.swift; path = AuthorizationCoordinator.swift; sourceTree = "<group>"; };
		F38A596A2BC307B500D698D9 /* MainCoordinator.swift */ = {isa = PBXFileReference; fileEncoding = 4; lastKnownFileType = sourcecode.swift; path = MainCoordinator.swift; sourceTree = "<group>"; };
		F38A596B2BC307B500D698D9 /* MainScreenType.swift */ = {isa = PBXFileReference; fileEncoding = 4; lastKnownFileType = sourcecode.swift; path = MainScreenType.swift; sourceTree = "<group>"; };
/* End PBXFileReference section */

/* Begin PBXFrameworksBuildPhase section */
		F38A594E2BC3074A00D698D9 /* Frameworks */ = {
			isa = PBXFrameworksBuildPhase;
			buildActionMask = 2147483647;
			files = (
			);
			runOnlyForDeploymentPostprocessing = 0;
		};
/* End PBXFrameworksBuildPhase section */

/* Begin PBXGroup section */
		F35AFD782BC85E9400C4EF7F /* SettingsCoordinator */ = {
			isa = PBXGroup;
			children = (
				F35AFD7A2BC85F2100C4EF7F /* SettingsCoordinator.swift */,
				F35AFD7C2BC85F4F00C4EF7F /* SettingsScreenType.swift */,
			);
			path = SettingsCoordinator;
			sourceTree = "<group>";
		};
		F35AFD792BC85EA200C4EF7F /* RecentsCoordinator */ = {
			isa = PBXGroup;
			children = (
				F35AFD7E2BC85F6800C4EF7F /* RecentsCoordinator.swift */,
				F35AFD802BC85FB700C4EF7F /* RecentsScreenType.swift */,
			);
			path = RecentsCoordinator;
			sourceTree = "<group>";
		};
		F35AFD822BC8601400C4EF7F /* Screens */ = {
			isa = PBXGroup;
			children = (
				F35AFD902BC8623100C4EF7F /* AuthenticationFlow */,
				F35AFD852BC8604500C4EF7F /* RecentsFlow */,
				F35AFD842BC8603A00C4EF7F /* ChangeCurrencyFlow */,
				F35AFD832BC8602900C4EF7F /* SettingsFlow */,
			);
			path = Screens;
			sourceTree = "<group>";
		};
		F35AFD832BC8602900C4EF7F /* SettingsFlow */ = {
			isa = PBXGroup;
			children = (
				F35AFD872BC8605700C4EF7F /* ViewModel */,
				F35AFD862BC8605100C4EF7F /* View */,
			);
			path = SettingsFlow;
			sourceTree = "<group>";
		};
		F35AFD842BC8603A00C4EF7F /* ChangeCurrencyFlow */ = {
			isa = PBXGroup;
			children = (
				F35AFD892BC8606800C4EF7F /* ViewModel */,
				F35AFD882BC8606300C4EF7F /* View */,
			);
			path = ChangeCurrencyFlow;
			sourceTree = "<group>";
		};
		F35AFD852BC8604500C4EF7F /* RecentsFlow */ = {
			isa = PBXGroup;
			children = (
				F35AFD8B2BC8607300C4EF7F /* ViewModel */,
				F35AFD8A2BC8606F00C4EF7F /* View */,
			);
			path = RecentsFlow;
			sourceTree = "<group>";
		};
		F35AFD862BC8605100C4EF7F /* View */ = {
			isa = PBXGroup;
			children = (
				F35AFD9B2BC8695300C4EF7F /* ChildViews */,
				F35AFD8E2BC8608E00C4EF7F /* SettingsView.swift */,
			);
			path = View;
			sourceTree = "<group>";
		};
		F35AFD872BC8605700C4EF7F /* ViewModel */ = {
			isa = PBXGroup;
			children = (
			);
			path = ViewModel;
			sourceTree = "<group>";
		};
		F35AFD882BC8606300C4EF7F /* View */ = {
			isa = PBXGroup;
			children = (
				F35AFD9A2BC8694E00C4EF7F /* ChildViews */,
				F35AFD952BC863ED00C4EF7F /* ChangeCurrencyView.swift */,
			);
			path = View;
			sourceTree = "<group>";
		};
		F35AFD892BC8606800C4EF7F /* ViewModel */ = {
			isa = PBXGroup;
			children = (
			);
			path = ViewModel;
			sourceTree = "<group>";
		};
		F35AFD8A2BC8606F00C4EF7F /* View */ = {
			isa = PBXGroup;
			children = (
				F35AFD992BC8694200C4EF7F /* ChildViews */,
				F35AFD972BC8645600C4EF7F /* RecentsView.swift */,
			);
			path = View;
			sourceTree = "<group>";
		};
		F35AFD8B2BC8607300C4EF7F /* ViewModel */ = {
			isa = PBXGroup;
			children = (
			);
			path = ViewModel;
			sourceTree = "<group>";
		};
		F35AFD8C2BC8607900C4EF7F /* Managers */ = {
			isa = PBXGroup;
			children = (
			);
			path = Managers;
			sourceTree = "<group>";
		};
		F35AFD8D2BC8607E00C4EF7F /* Services */ = {
			isa = PBXGroup;
			children = (
			);
			path = Services;
			sourceTree = "<group>";
		};
		F35AFD902BC8623100C4EF7F /* AuthenticationFlow */ = {
			isa = PBXGroup;
			children = (
				F35AFD942BC8630300C4EF7F /* ViewModel */,
				F35AFD932BC862FA00C4EF7F /* View */,
			);
			path = AuthenticationFlow;
			sourceTree = "<group>";
		};
		F35AFD932BC862FA00C4EF7F /* View */ = {
			isa = PBXGroup;
			children = (
				F35AFD912BC8623B00C4EF7F /* AuthenticationView.swift */,
			);
			path = View;
			sourceTree = "<group>";
		};
		F35AFD942BC8630300C4EF7F /* ViewModel */ = {
			isa = PBXGroup;
			children = (
			);
			path = ViewModel;
			sourceTree = "<group>";
		};
		F35AFD992BC8694200C4EF7F /* ChildViews */ = {
			isa = PBXGroup;
			children = (
				F35AFDA02BC8698300C4EF7F /* RecentsChildView.swift */,
			);
			path = ChildViews;
			sourceTree = "<group>";
		};
		F35AFD9A2BC8694E00C4EF7F /* ChildViews */ = {
			isa = PBXGroup;
			children = (
				F35AFD9E2BC8697900C4EF7F /* ChangeCurrencyChildView.swift */,
			);
			path = ChildViews;
			sourceTree = "<group>";
		};
		F35AFD9B2BC8695300C4EF7F /* ChildViews */ = {
			isa = PBXGroup;
			children = (
				F35AFD9C2BC8696600C4EF7F /* SettingsChildView.swift */,
			);
			path = ChildViews;
			sourceTree = "<group>";
		};
		F38A59482BC3074A00D698D9 = {
			isa = PBXGroup;
			children = (
				F38A59532BC3074A00D698D9 /* CurrencyConverter */,
				F38A59522BC3074A00D698D9 /* Products */,
			);
			sourceTree = "<group>";
		};
		F38A59522BC3074A00D698D9 /* Products */ = {
			isa = PBXGroup;
			children = (
				F38A59512BC3074A00D698D9 /* CurrencyConverter.app */,
			);
			name = Products;
			sourceTree = "<group>";
		};
		F38A59532BC3074A00D698D9 /* CurrencyConverter */ = {
			isa = PBXGroup;
			children = (
				F38A59722BC3097200D698D9 /* App */,
				F35AFD8D2BC8607E00C4EF7F /* Services */,
				F35AFD8C2BC8607900C4EF7F /* Managers */,
				F35AFD822BC8601400C4EF7F /* Screens */,
				F38A59622BC307B500D698D9 /* Coordinator */,
				F38A59582BC3074B00D698D9 /* Assets.xcassets */,
				F38A595A2BC3074B00D698D9 /* Preview Content */,
			);
			path = CurrencyConverter;
			sourceTree = "<group>";
		};
		F38A595A2BC3074B00D698D9 /* Preview Content */ = {
			isa = PBXGroup;
			children = (
				F38A595B2BC3074B00D698D9 /* Preview Assets.xcassets */,
			);
			path = "Preview Content";
			sourceTree = "<group>";
		};
		F38A59622BC307B500D698D9 /* Coordinator */ = {
			isa = PBXGroup;
			children = (
				F38A59632BC307B500D698D9 /* AppRootCoordinator */,
				F38A59662BC307B500D698D9 /* AuthorizationCoordinator */,
				F38A59692BC307B500D698D9 /* MainCoordinator */,
				F35AFD782BC85E9400C4EF7F /* SettingsCoordinator */,
				F35AFD792BC85EA200C4EF7F /* RecentsCoordinator */,
			);
			path = Coordinator;
			sourceTree = "<group>";
		};
		F38A59632BC307B500D698D9 /* AppRootCoordinator */ = {
			isa = PBXGroup;
			children = (
				F38A59642BC307B500D698D9 /* AppRoots.swift */,
				F38A59652BC307B500D698D9 /* AppRootCoordinator.swift */,
			);
			path = AppRootCoordinator;
			sourceTree = "<group>";
		};
		F38A59662BC307B500D698D9 /* AuthorizationCoordinator */ = {
			isa = PBXGroup;
			children = (
				F38A59682BC307B500D698D9 /* AuthorizationCoordinator.swift */,
				F38A59672BC307B500D698D9 /* AuthorizationScreenType.swift */,
			);
			path = AuthorizationCoordinator;
			sourceTree = "<group>";
		};
		F38A59692BC307B500D698D9 /* MainCoordinator */ = {
			isa = PBXGroup;
			children = (
				F38A596A2BC307B500D698D9 /* MainCoordinator.swift */,
				F38A596B2BC307B500D698D9 /* MainScreenType.swift */,
			);
			path = MainCoordinator;
			sourceTree = "<group>";
		};
		F38A59722BC3097200D698D9 /* App */ = {
			isa = PBXGroup;
			children = (
				F38A59542BC3074A00D698D9 /* CurrencyConverterApp.swift */,
			);
			path = App;
			sourceTree = "<group>";
		};
/* End PBXGroup section */

/* Begin PBXNativeTarget section */
		F38A59502BC3074A00D698D9 /* CurrencyConverter */ = {
			isa = PBXNativeTarget;
			buildConfigurationList = F38A595F2BC3074B00D698D9 /* Build configuration list for PBXNativeTarget "CurrencyConverter" */;
			buildPhases = (
				F38A594D2BC3074A00D698D9 /* Sources */,
				F38A594E2BC3074A00D698D9 /* Frameworks */,
				F38A594F2BC3074A00D698D9 /* Resources */,
			);
			buildRules = (
			);
			dependencies = (
			);
			name = CurrencyConverter;
			productName = CurrencyConverter;
			productReference = F38A59512BC3074A00D698D9 /* CurrencyConverter.app */;
			productType = "com.apple.product-type.application";
		};
/* End PBXNativeTarget section */

/* Begin PBXProject section */
		F38A59492BC3074A00D698D9 /* Project object */ = {
			isa = PBXProject;
			attributes = {
				BuildIndependentTargetsInParallel = 1;
				LastSwiftUpdateCheck = 1520;
				LastUpgradeCheck = 1520;
				TargetAttributes = {
					F38A59502BC3074A00D698D9 = {
						CreatedOnToolsVersion = 15.2;
					};
				};
			};
			buildConfigurationList = F38A594C2BC3074A00D698D9 /* Build configuration list for PBXProject "CurrencyConverter" */;
			compatibilityVersion = "Xcode 14.0";
			developmentRegion = en;
			hasScannedForEncodings = 0;
			knownRegions = (
				en,
				Base,
			);
			mainGroup = F38A59482BC3074A00D698D9;
			productRefGroup = F38A59522BC3074A00D698D9 /* Products */;
			projectDirPath = "";
			projectRoot = "";
			targets = (
				F38A59502BC3074A00D698D9 /* CurrencyConverter */,
			);
		};
/* End PBXProject section */

/* Begin PBXResourcesBuildPhase section */
		F38A594F2BC3074A00D698D9 /* Resources */ = {
			isa = PBXResourcesBuildPhase;
			buildActionMask = 2147483647;
			files = (
				F38A595C2BC3074B00D698D9 /* Preview Assets.xcassets in Resources */,
				F38A59592BC3074B00D698D9 /* Assets.xcassets in Resources */,
			);
			runOnlyForDeploymentPostprocessing = 0;
		};
/* End PBXResourcesBuildPhase section */

/* Begin PBXSourcesBuildPhase section */
		F38A594D2BC3074A00D698D9 /* Sources */ = {
			isa = PBXSourcesBuildPhase;
			buildActionMask = 2147483647;
			files = (
				F38A596D2BC307B500D698D9 /* AppRootCoordinator.swift in Sources */,
				F35AFD7B2BC85F2100C4EF7F /* SettingsCoordinator.swift in Sources */,
				F35AFD9F2BC8697900C4EF7F /* ChangeCurrencyChildView.swift in Sources */,
				F35AFD9D2BC8696600C4EF7F /* SettingsChildView.swift in Sources */,
				F35AFD7D2BC85F4F00C4EF7F /* SettingsScreenType.swift in Sources */,
				F38A59702BC307B500D698D9 /* MainCoordinator.swift in Sources */,
				F35AFDA12BC8698300C4EF7F /* RecentsChildView.swift in Sources */,
				F35AFD922BC8623B00C4EF7F /* AuthenticationView.swift in Sources */,
				F38A596E2BC307B500D698D9 /* AuthorizationScreenType.swift in Sources */,
				F35AFD7F2BC85F6800C4EF7F /* RecentsCoordinator.swift in Sources */,
				F35AFD982BC8645600C4EF7F /* RecentsView.swift in Sources */,
				F35AFD812BC85FB700C4EF7F /* RecentsScreenType.swift in Sources */,
				F38A59552BC3074A00D698D9 /* CurrencyConverterApp.swift in Sources */,
				F35AFD962BC863ED00C4EF7F /* ChangeCurrencyView.swift in Sources */,
				F38A596F2BC307B500D698D9 /* AuthorizationCoordinator.swift in Sources */,
				F35AFD8F2BC8608E00C4EF7F /* SettingsView.swift in Sources */,
				F38A59712BC307B500D698D9 /* MainScreenType.swift in Sources */,
				F38A596C2BC307B500D698D9 /* AppRoots.swift in Sources */,
			);
			runOnlyForDeploymentPostprocessing = 0;
		};
/* End PBXSourcesBuildPhase section */

/* Begin XCBuildConfiguration section */
		F38A595D2BC3074B00D698D9 /* Debug */ = {
			isa = XCBuildConfiguration;
			buildSettings = {
				ALWAYS_SEARCH_USER_PATHS = NO;
				ASSETCATALOG_COMPILER_GENERATE_SWIFT_ASSET_SYMBOL_EXTENSIONS = YES;
				CLANG_ANALYZER_NONNULL = YES;
				CLANG_ANALYZER_NUMBER_OBJECT_CONVERSION = YES_AGGRESSIVE;
				CLANG_CXX_LANGUAGE_STANDARD = "gnu++20";
				CLANG_ENABLE_MODULES = YES;
				CLANG_ENABLE_OBJC_ARC = YES;
				CLANG_ENABLE_OBJC_WEAK = YES;
				CLANG_WARN_BLOCK_CAPTURE_AUTORELEASING = YES;
				CLANG_WARN_BOOL_CONVERSION = YES;
				CLANG_WARN_COMMA = YES;
				CLANG_WARN_CONSTANT_CONVERSION = YES;
				CLANG_WARN_DEPRECATED_OBJC_IMPLEMENTATIONS = YES;
				CLANG_WARN_DIRECT_OBJC_ISA_USAGE = YES_ERROR;
				CLANG_WARN_DOCUMENTATION_COMMENTS = YES;
				CLANG_WARN_EMPTY_BODY = YES;
				CLANG_WARN_ENUM_CONVERSION = YES;
				CLANG_WARN_INFINITE_RECURSION = YES;
				CLANG_WARN_INT_CONVERSION = YES;
				CLANG_WARN_NON_LITERAL_NULL_CONVERSION = YES;
				CLANG_WARN_OBJC_IMPLICIT_RETAIN_SELF = YES;
				CLANG_WARN_OBJC_LITERAL_CONVERSION = YES;
				CLANG_WARN_OBJC_ROOT_CLASS = YES_ERROR;
				CLANG_WARN_QUOTED_INCLUDE_IN_FRAMEWORK_HEADER = YES;
				CLANG_WARN_RANGE_LOOP_ANALYSIS = YES;
				CLANG_WARN_STRICT_PROTOTYPES = YES;
				CLANG_WARN_SUSPICIOUS_MOVE = YES;
				CLANG_WARN_UNGUARDED_AVAILABILITY = YES_AGGRESSIVE;
				CLANG_WARN_UNREACHABLE_CODE = YES;
				CLANG_WARN__DUPLICATE_METHOD_MATCH = YES;
				COPY_PHASE_STRIP = NO;
				DEBUG_INFORMATION_FORMAT = dwarf;
				ENABLE_STRICT_OBJC_MSGSEND = YES;
				ENABLE_TESTABILITY = YES;
				ENABLE_USER_SCRIPT_SANDBOXING = YES;
				GCC_C_LANGUAGE_STANDARD = gnu17;
				GCC_DYNAMIC_NO_PIC = NO;
				GCC_NO_COMMON_BLOCKS = YES;
				GCC_OPTIMIZATION_LEVEL = 0;
				GCC_PREPROCESSOR_DEFINITIONS = (
					"DEBUG=1",
					"$(inherited)",
				);
				GCC_WARN_64_TO_32_BIT_CONVERSION = YES;
				GCC_WARN_ABOUT_RETURN_TYPE = YES_ERROR;
				GCC_WARN_UNDECLARED_SELECTOR = YES;
				GCC_WARN_UNINITIALIZED_AUTOS = YES_AGGRESSIVE;
				GCC_WARN_UNUSED_FUNCTION = YES;
				GCC_WARN_UNUSED_VARIABLE = YES;
				IPHONEOS_DEPLOYMENT_TARGET = 17.2;
				LOCALIZATION_PREFERS_STRING_CATALOGS = YES;
				MTL_ENABLE_DEBUG_INFO = INCLUDE_SOURCE;
				MTL_FAST_MATH = YES;
				ONLY_ACTIVE_ARCH = YES;
				SDKROOT = iphoneos;
				SWIFT_ACTIVE_COMPILATION_CONDITIONS = "DEBUG $(inherited)";
				SWIFT_OPTIMIZATION_LEVEL = "-Onone";
			};
			name = Debug;
		};
		F38A595E2BC3074B00D698D9 /* Release */ = {
			isa = XCBuildConfiguration;
			buildSettings = {
				ALWAYS_SEARCH_USER_PATHS = NO;
				ASSETCATALOG_COMPILER_GENERATE_SWIFT_ASSET_SYMBOL_EXTENSIONS = YES;
				CLANG_ANALYZER_NONNULL = YES;
				CLANG_ANALYZER_NUMBER_OBJECT_CONVERSION = YES_AGGRESSIVE;
				CLANG_CXX_LANGUAGE_STANDARD = "gnu++20";
				CLANG_ENABLE_MODULES = YES;
				CLANG_ENABLE_OBJC_ARC = YES;
				CLANG_ENABLE_OBJC_WEAK = YES;
				CLANG_WARN_BLOCK_CAPTURE_AUTORELEASING = YES;
				CLANG_WARN_BOOL_CONVERSION = YES;
				CLANG_WARN_COMMA = YES;
				CLANG_WARN_CONSTANT_CONVERSION = YES;
				CLANG_WARN_DEPRECATED_OBJC_IMPLEMENTATIONS = YES;
				CLANG_WARN_DIRECT_OBJC_ISA_USAGE = YES_ERROR;
				CLANG_WARN_DOCUMENTATION_COMMENTS = YES;
				CLANG_WARN_EMPTY_BODY = YES;
				CLANG_WARN_ENUM_CONVERSION = YES;
				CLANG_WARN_INFINITE_RECURSION = YES;
				CLANG_WARN_INT_CONVERSION = YES;
				CLANG_WARN_NON_LITERAL_NULL_CONVERSION = YES;
				CLANG_WARN_OBJC_IMPLICIT_RETAIN_SELF = YES;
				CLANG_WARN_OBJC_LITERAL_CONVERSION = YES;
				CLANG_WARN_OBJC_ROOT_CLASS = YES_ERROR;
				CLANG_WARN_QUOTED_INCLUDE_IN_FRAMEWORK_HEADER = YES;
				CLANG_WARN_RANGE_LOOP_ANALYSIS = YES;
				CLANG_WARN_STRICT_PROTOTYPES = YES;
				CLANG_WARN_SUSPICIOUS_MOVE = YES;
				CLANG_WARN_UNGUARDED_AVAILABILITY = YES_AGGRESSIVE;
				CLANG_WARN_UNREACHABLE_CODE = YES;
				CLANG_WARN__DUPLICATE_METHOD_MATCH = YES;
				COPY_PHASE_STRIP = NO;
				DEBUG_INFORMATION_FORMAT = "dwarf-with-dsym";
				ENABLE_NS_ASSERTIONS = NO;
				ENABLE_STRICT_OBJC_MSGSEND = YES;
				ENABLE_USER_SCRIPT_SANDBOXING = YES;
				GCC_C_LANGUAGE_STANDARD = gnu17;
				GCC_NO_COMMON_BLOCKS = YES;
				GCC_WARN_64_TO_32_BIT_CONVERSION = YES;
				GCC_WARN_ABOUT_RETURN_TYPE = YES_ERROR;
				GCC_WARN_UNDECLARED_SELECTOR = YES;
				GCC_WARN_UNINITIALIZED_AUTOS = YES_AGGRESSIVE;
				GCC_WARN_UNUSED_FUNCTION = YES;
				GCC_WARN_UNUSED_VARIABLE = YES;
				IPHONEOS_DEPLOYMENT_TARGET = 17.2;
				LOCALIZATION_PREFERS_STRING_CATALOGS = YES;
				MTL_ENABLE_DEBUG_INFO = NO;
				MTL_FAST_MATH = YES;
				SDKROOT = iphoneos;
				SWIFT_COMPILATION_MODE = wholemodule;
				VALIDATE_PRODUCT = YES;
			};
			name = Release;
		};
		F38A59602BC3074B00D698D9 /* Debug */ = {
			isa = XCBuildConfiguration;
			buildSettings = {
				ASSETCATALOG_COMPILER_APPICON_NAME = AppIcon;
				ASSETCATALOG_COMPILER_GLOBAL_ACCENT_COLOR_NAME = AccentColor;
				CODE_SIGN_STYLE = Automatic;
				CURRENT_PROJECT_VERSION = 1;
				DEVELOPMENT_ASSET_PATHS = "\"CurrencyConverter/Preview Content\"";
				DEVELOPMENT_TEAM = M29X8436L3;
				ENABLE_PREVIEWS = YES;
				GENERATE_INFOPLIST_FILE = YES;
				INFOPLIST_KEY_UIApplicationSceneManifest_Generation = YES;
				INFOPLIST_KEY_UIApplicationSupportsIndirectInputEvents = YES;
				INFOPLIST_KEY_UILaunchScreen_Generation = YES;
				INFOPLIST_KEY_UISupportedInterfaceOrientations_iPad = "UIInterfaceOrientationPortrait UIInterfaceOrientationPortraitUpsideDown UIInterfaceOrientationLandscapeLeft UIInterfaceOrientationLandscapeRight";
				INFOPLIST_KEY_UISupportedInterfaceOrientations_iPhone = "UIInterfaceOrientationPortrait UIInterfaceOrientationLandscapeLeft UIInterfaceOrientationLandscapeRight";
				LD_RUNPATH_SEARCH_PATHS = (
					"$(inherited)",
					"@executable_path/Frameworks",
				);
				MARKETING_VERSION = 1.0;
				PRODUCT_BUNDLE_IDENTIFIER = "Currency-Converter.CurrencyConverter";
				PRODUCT_NAME = "$(TARGET_NAME)";
				SWIFT_EMIT_LOC_STRINGS = YES;
				SWIFT_VERSION = 5.0;
				TARGETED_DEVICE_FAMILY = "1,2";
			};
			name = Debug;
		};
		F38A59612BC3074B00D698D9 /* Release */ = {
			isa = XCBuildConfiguration;
			buildSettings = {
				ASSETCATALOG_COMPILER_APPICON_NAME = AppIcon;
				ASSETCATALOG_COMPILER_GLOBAL_ACCENT_COLOR_NAME = AccentColor;
				CODE_SIGN_STYLE = Automatic;
				CURRENT_PROJECT_VERSION = 1;
				DEVELOPMENT_ASSET_PATHS = "\"CurrencyConverter/Preview Content\"";
				DEVELOPMENT_TEAM = M29X8436L3;
				ENABLE_PREVIEWS = YES;
				GENERATE_INFOPLIST_FILE = YES;
				INFOPLIST_KEY_UIApplicationSceneManifest_Generation = YES;
				INFOPLIST_KEY_UIApplicationSupportsIndirectInputEvents = YES;
				INFOPLIST_KEY_UILaunchScreen_Generation = YES;
				INFOPLIST_KEY_UISupportedInterfaceOrientations_iPad = "UIInterfaceOrientationPortrait UIInterfaceOrientationPortraitUpsideDown UIInterfaceOrientationLandscapeLeft UIInterfaceOrientationLandscapeRight";
				INFOPLIST_KEY_UISupportedInterfaceOrientations_iPhone = "UIInterfaceOrientationPortrait UIInterfaceOrientationLandscapeLeft UIInterfaceOrientationLandscapeRight";
				LD_RUNPATH_SEARCH_PATHS = (
					"$(inherited)",
					"@executable_path/Frameworks",
				);
				MARKETING_VERSION = 1.0;
				PRODUCT_BUNDLE_IDENTIFIER = "Currency-Converter.CurrencyConverter";
				PRODUCT_NAME = "$(TARGET_NAME)";
				SWIFT_EMIT_LOC_STRINGS = YES;
				SWIFT_VERSION = 5.0;
				TARGETED_DEVICE_FAMILY = "1,2";
			};
			name = Release;
		};
/* End XCBuildConfiguration section */

/* Begin XCConfigurationList section */
		F38A594C2BC3074A00D698D9 /* Build configuration list for PBXProject "CurrencyConverter" */ = {
			isa = XCConfigurationList;
			buildConfigurations = (
				F38A595D2BC3074B00D698D9 /* Debug */,
				F38A595E2BC3074B00D698D9 /* Release */,
			);
			defaultConfigurationIsVisible = 0;
			defaultConfigurationName = Release;
		};
		F38A595F2BC3074B00D698D9 /* Build configuration list for PBXNativeTarget "CurrencyConverter" */ = {
			isa = XCConfigurationList;
			buildConfigurations = (
				F38A59602BC3074B00D698D9 /* Debug */,
				F38A59612BC3074B00D698D9 /* Release */,
			);
			defaultConfigurationIsVisible = 0;
			defaultConfigurationName = Release;
		};
/* End XCConfigurationList section */
	};
	rootObject = F38A59492BC3074A00D698D9 /* Project object */;
}
